
Microsoft Visual Studio Solution File, Format Version 12.00
# Visual Studio Version 17
VisualStudioVersion = 17.0.31919.166
MinimumVisualStudioVersion = 10.0.40219.1
Project("{9A19103F-16F7-4668-BE54-9A1E7A4F7556}") = "Day1Part2", "Day1Part2\Day1Part2.csproj", "{F412D68C-DE3D-4F7A-8247-C7CC3872A142}"
EndProject
Project("{9A19103F-16F7-4668-BE54-9A1E7A4F7556}") = "Day1Part1", "Day1Part1\Day1Part1.csproj", "{B7A7A83C-32D7-4515-AFA9-D038408B9A41}"
EndProject
Project("{FAE04EC0-301F-11D3-BF4B-00C04F79EFBC}") = "Day2Part1", "Day2Part1\Day2Part1.csproj", "{10FFA1FE-A4EE-45DC-A33E-4C4399DBB90D}"
EndProject
Project("{FAE04EC0-301F-11D3-BF4B-00C04F79EFBC}") = "Day2Part2", "Day2Part2\Day2Part2.csproj", "{030B30AA-9B1F-4E4C-86A8-87BAEF073704}"
EndProject
Global
	GlobalSection(SolutionConfigurationPlatforms) = preSolution
		Debug|Any CPU = Debug|Any CPU
		Release|Any CPU = Release|Any CPU
	EndGlobalSection
	GlobalSection(ProjectConfigurationPlatforms) = postSolution
		{F412D68C-DE3D-4F7A-8247-C7CC3872A142}.Debug|Any CPU.ActiveCfg = Debug|Any CPU
		{F412D68C-DE3D-4F7A-8247-C7CC3872A142}.Debug|Any CPU.Build.0 = Debug|Any CPU
		{F412D68C-DE3D-4F7A-8247-C7CC3872A142}.Release|Any CPU.ActiveCfg = Release|Any CPU
		{F412D68C-DE3D-4F7A-8247-C7CC3872A142}.Release|Any CPU.Build.0 = Release|Any CPU
		{B7A7A83C-32D7-4515-AFA9-D038408B9A41}.Debug|Any CPU.ActiveCfg = Debug|Any CPU
		{B7A7A83C-32D7-4515-AFA9-D038408B9A41}.Debug|Any CPU.Build.0 = Debug|Any CPU
		{B7A7A83C-32D7-4515-AFA9-D038408B9A41}.Release|Any CPU.ActiveCfg = Release|Any CPU
		{B7A7A83C-32D7-4515-AFA9-D038408B9A41}.Release|Any CPU.Build.0 = Release|Any CPU
		{10FFA1FE-A4EE-45DC-A33E-4C4399DBB90D}.Debug|Any CPU.ActiveCfg = Debug|Any CPU
		{10FFA1FE-A4EE-45DC-A33E-4C4399DBB90D}.Debug|Any CPU.Build.0 = Debug|Any CPU
		{10FFA1FE-A4EE-45DC-A33E-4C4399DBB90D}.Release|Any CPU.ActiveCfg = Release|Any CPU
		{10FFA1FE-A4EE-45DC-A33E-4C4399DBB90D}.Release|Any CPU.Build.0 = Release|Any CPU
		{030B30AA-9B1F-4E4C-86A8-87BAEF073704}.Debug|Any CPU.ActiveCfg = Debug|Any CPU
		{030B30AA-9B1F-4E4C-86A8-87BAEF073704}.Debug|Any CPU.Build.0 = Debug|Any CPU
		{030B30AA-9B1F-4E4C-86A8-87BAEF073704}.Release|Any CPU.ActiveCfg = Release|Any CPU
		{030B30AA-9B1F-4E4C-86A8-87BAEF073704}.Release|Any CPU.Build.0 = Release|Any CPU
	EndGlobalSection
	GlobalSection(SolutionProperties) = preSolution
		HideSolutionNode = FALSE
	EndGlobalSection
	GlobalSection(ExtensibilityGlobals) = postSolution
		SolutionGuid = {C418EF1A-215C-4845-A35C-4B4A6474E322}
	EndGlobalSection
EndGlobal
