
Microsoft Visual Studio Solution File, Format Version 12.00
# Visual Studio Version 17
VisualStudioVersion = 17.0.31919.166
MinimumVisualStudioVersion = 10.0.40219.1
Project("{FAE04EC0-301F-11D3-BF4B-00C04F79EFBC}") = "Day1Part1", "AdventOfCode2022\Day1Part1.csproj", "{FA473D58-0A61-4B7A-8F90-EE8091DF0B96}"
EndProject
Global
	GlobalSection(SolutionConfigurationPlatforms) = preSolution
		Debug|Any CPU = Debug|Any CPU
		Release|Any CPU = Release|Any CPU
	EndGlobalSection
	GlobalSection(ProjectConfigurationPlatforms) = postSolution
		{FA473D58-0A61-4B7A-8F90-EE8091DF0B96}.Debug|Any CPU.ActiveCfg = Debug|Any CPU
		{FA473D58-0A61-4B7A-8F90-EE8091DF0B96}.Debug|Any CPU.Build.0 = Debug|Any CPU
		{FA473D58-0A61-4B7A-8F90-EE8091DF0B96}.Release|Any CPU.ActiveCfg = Release|Any CPU
		{FA473D58-0A61-4B7A-8F90-EE8091DF0B96}.Release|Any CPU.Build.0 = Release|Any CPU
	EndGlobalSection
	GlobalSection(SolutionProperties) = preSolution
		HideSolutionNode = FALSE
	EndGlobalSection
	GlobalSection(ExtensibilityGlobals) = postSolution
		SolutionGuid = {C418EF1A-215C-4845-A35C-4B4A6474E322}
	EndGlobalSection
EndGlobal
