
Microsoft Visual Studio Solution File, Format Version 12.00
# Visual Studio Version 17
VisualStudioVersion = 17.0.31919.166
MinimumVisualStudioVersion = 10.0.40219.1
Project("{9A19103F-16F7-4668-BE54-9A1E7A4F7556}") = "Day1Part2", "Day1Part2\Day1Part2.csproj", "{F412D68C-DE3D-4F7A-8247-C7CC3872A142}"
EndProject
Project("{9A19103F-16F7-4668-BE54-9A1E7A4F7556}") = "Day1Part1", "Day1Part1\Day1Part1.csproj", "{B7A7A83C-32D7-4515-AFA9-D038408B9A41}"
EndProject
Project("{FAE04EC0-301F-11D3-BF4B-00C04F79EFBC}") = "Day2Part1", "Day2Part1\Day2Part1.csproj", "{10FFA1FE-A4EE-45DC-A33E-4C4399DBB90D}"
EndProject
Project("{FAE04EC0-301F-11D3-BF4B-00C04F79EFBC}") = "Day2Part2", "Day2Part2\Day2Part2.csproj", "{030B30AA-9B1F-4E4C-86A8-87BAEF073704}"
EndProject
Project("{FAE04EC0-301F-11D3-BF4B-00C04F79EFBC}") = "Day3Part1", "Day3Part1\Day3Part1.csproj", "{DF029EC9-F21C-4C4C-AC73-7CA3FF294C8E}"
EndProject
Project("{FAE04EC0-301F-11D3-BF4B-00C04F79EFBC}") = "Day3Part2", "Day3Part2\Day3Part2.csproj", "{FAAA5014-46D8-48B9-BAA1-5B338BEE9498}"
EndProject
Project("{FAE04EC0-301F-11D3-BF4B-00C04F79EFBC}") = "Day4Part1", "Day4Part1\Day4Part1.csproj", "{730112ED-CE11-4F90-961C-7720207568DE}"
EndProject
Project("{FAE04EC0-301F-11D3-BF4B-00C04F79EFBC}") = "Day4Part2", "Day4Part2\Day4Part2.csproj", "{6B1CD441-1748-4FFB-B250-8653EF58B35B}"
EndProject
Global
	GlobalSection(SolutionConfigurationPlatforms) = preSolution
		Debug|Any CPU = Debug|Any CPU
		Release|Any CPU = Release|Any CPU
	EndGlobalSection
	GlobalSection(ProjectConfigurationPlatforms) = postSolution
		{F412D68C-DE3D-4F7A-8247-C7CC3872A142}.Debug|Any CPU.ActiveCfg = Debug|Any CPU
		{F412D68C-DE3D-4F7A-8247-C7CC3872A142}.Debug|Any CPU.Build.0 = Debug|Any CPU
		{F412D68C-DE3D-4F7A-8247-C7CC3872A142}.Release|Any CPU.ActiveCfg = Release|Any CPU
		{F412D68C-DE3D-4F7A-8247-C7CC3872A142}.Release|Any CPU.Build.0 = Release|Any CPU
		{B7A7A83C-32D7-4515-AFA9-D038408B9A41}.Debug|Any CPU.ActiveCfg = Debug|Any CPU
		{B7A7A83C-32D7-4515-AFA9-D038408B9A41}.Debug|Any CPU.Build.0 = Debug|Any CPU
		{B7A7A83C-32D7-4515-AFA9-D038408B9A41}.Release|Any CPU.ActiveCfg = Release|Any CPU
		{B7A7A83C-32D7-4515-AFA9-D038408B9A41}.Release|Any CPU.Build.0 = Release|Any CPU
		{10FFA1FE-A4EE-45DC-A33E-4C4399DBB90D}.Debug|Any CPU.ActiveCfg = Debug|Any CPU
		{10FFA1FE-A4EE-45DC-A33E-4C4399DBB90D}.Debug|Any CPU.Build.0 = Debug|Any CPU
		{10FFA1FE-A4EE-45DC-A33E-4C4399DBB90D}.Release|Any CPU.ActiveCfg = Release|Any CPU
		{10FFA1FE-A4EE-45DC-A33E-4C4399DBB90D}.Release|Any CPU.Build.0 = Release|Any CPU
		{030B30AA-9B1F-4E4C-86A8-87BAEF073704}.Debug|Any CPU.ActiveCfg = Debug|Any CPU
		{030B30AA-9B1F-4E4C-86A8-87BAEF073704}.Debug|Any CPU.Build.0 = Debug|Any CPU
		{030B30AA-9B1F-4E4C-86A8-87BAEF073704}.Release|Any CPU.ActiveCfg = Release|Any CPU
		{030B30AA-9B1F-4E4C-86A8-87BAEF073704}.Release|Any CPU.Build.0 = Release|Any CPU
		{DF029EC9-F21C-4C4C-AC73-7CA3FF294C8E}.Debug|Any CPU.ActiveCfg = Debug|Any CPU
		{DF029EC9-F21C-4C4C-AC73-7CA3FF294C8E}.Debug|Any CPU.Build.0 = Debug|Any CPU
		{DF029EC9-F21C-4C4C-AC73-7CA3FF294C8E}.Release|Any CPU.ActiveCfg = Release|Any CPU
		{DF029EC9-F21C-4C4C-AC73-7CA3FF294C8E}.Release|Any CPU.Build.0 = Release|Any CPU
		{FAAA5014-46D8-48B9-BAA1-5B338BEE9498}.Debug|Any CPU.ActiveCfg = Debug|Any CPU
		{FAAA5014-46D8-48B9-BAA1-5B338BEE9498}.Debug|Any CPU.Build.0 = Debug|Any CPU
		{FAAA5014-46D8-48B9-BAA1-5B338BEE9498}.Release|Any CPU.ActiveCfg = Release|Any CPU
		{FAAA5014-46D8-48B9-BAA1-5B338BEE9498}.Release|Any CPU.Build.0 = Release|Any CPU
		{730112ED-CE11-4F90-961C-7720207568DE}.Debug|Any CPU.ActiveCfg = Debug|Any CPU
		{730112ED-CE11-4F90-961C-7720207568DE}.Debug|Any CPU.Build.0 = Debug|Any CPU
		{730112ED-CE11-4F90-961C-7720207568DE}.Release|Any CPU.ActiveCfg = Release|Any CPU
		{730112ED-CE11-4F90-961C-7720207568DE}.Release|Any CPU.Build.0 = Release|Any CPU
		{6B1CD441-1748-4FFB-B250-8653EF58B35B}.Debug|Any CPU.ActiveCfg = Debug|Any CPU
		{6B1CD441-1748-4FFB-B250-8653EF58B35B}.Debug|Any CPU.Build.0 = Debug|Any CPU
		{6B1CD441-1748-4FFB-B250-8653EF58B35B}.Release|Any CPU.ActiveCfg = Release|Any CPU
		{6B1CD441-1748-4FFB-B250-8653EF58B35B}.Release|Any CPU.Build.0 = Release|Any CPU
	EndGlobalSection
	GlobalSection(SolutionProperties) = preSolution
		HideSolutionNode = FALSE
	EndGlobalSection
	GlobalSection(ExtensibilityGlobals) = postSolution
		SolutionGuid = {C418EF1A-215C-4845-A35C-4B4A6474E322}
	EndGlobalSection
EndGlobal
